
Microsoft Visual Studio Solution File, Format Version 12.00
# Visual Studio Version 17
VisualStudioVersion = 17.14.36301.6
MinimumVisualStudioVersion = 10.0.40219.1
Project("{8BC9CEB8-8B4A-11D0-8D11-00A0C91BC942}") = "FluentBuilderPattern", "FluentBuilderPattern.vcxproj", "{65CA3460-1582-4BBA-949E-57BD93CF7297}"
EndProject
Project("{8BC9CEB8-8B4A-11D0-8D11-00A0C91BC942}") = "UnitTests", "UnitTests\UnitTests.vcxproj", "{C2B284F9-903F-47E2-8B15-152B33E02979}"
EndProject
Global
	GlobalSection(SolutionConfigurationPlatforms) = preSolution
		Debug|x64 = Debug|x64
		Release|x64 = Release|x64
	EndGlobalSection
	GlobalSection(ProjectConfigurationPlatforms) = postSolution
		{65CA3460-1582-4BBA-949E-57BD93CF7297}.Debug|x64.ActiveCfg = Debug|x64
		{65CA3460-1582-4BBA-949E-57BD93CF7297}.Debug|x64.Build.0 = Debug|x64
		{65CA3460-1582-4BBA-949E-57BD93CF7297}.Release|x64.ActiveCfg = Release|x64
		{65CA3460-1582-4BBA-949E-57BD93CF7297}.Release|x64.Build.0 = Release|x64
		{C2B284F9-903F-47E2-8B15-152B33E02979}.Debug|x64.ActiveCfg = Debug|x64
		{C2B284F9-903F-47E2-8B15-152B33E02979}.Debug|x64.Build.0 = Debug|x64
		{C2B284F9-903F-47E2-8B15-152B33E02979}.Release|x64.ActiveCfg = Release|x64
		{C2B284F9-903F-47E2-8B15-152B33E02979}.Release|x64.Build.0 = Release|x64
	EndGlobalSection
	GlobalSection(SolutionProperties) = preSolution
		HideSolutionNode = FALSE
	EndGlobalSection
	GlobalSection(ExtensibilityGlobals) = postSolution
		SolutionGuid = {4F63BA36-4377-4AB6-A002-D55BF5923A63}
	EndGlobalSection
EndGlobal
